
Microsoft Visual Studio Solution File, Format Version 12.00
# Visual Studio Version 17
VisualStudioVersion = 17.5.002.0
MinimumVisualStudioVersion = 10.0.40219.1
Project("{9A19103F-16F7-4668-BE54-9A1E7A4F7556}") = "MissionDevBack", "MissionDevBack.csproj", "{686D9029-ED19-4C5F-BAD2-1FBCB556ECB5}"
EndProject
Global
	GlobalSection(SolutionConfigurationPlatforms) = preSolution
		Debug|Any CPU = Debug|Any CPU
		Release|Any CPU = Release|Any CPU
	EndGlobalSection
	GlobalSection(ProjectConfigurationPlatforms) = postSolution
		{686D9029-ED19-4C5F-BAD2-1FBCB556ECB5}.Debug|Any CPU.ActiveCfg = Debug|Any CPU
		{686D9029-ED19-4C5F-BAD2-1FBCB556ECB5}.Debug|Any CPU.Build.0 = Debug|Any CPU
		{686D9029-ED19-4C5F-BAD2-1FBCB556ECB5}.Release|Any CPU.ActiveCfg = Release|Any CPU
		{686D9029-ED19-4C5F-BAD2-1FBCB556ECB5}.Release|Any CPU.Build.0 = Release|Any CPU
	EndGlobalSection
	GlobalSection(SolutionProperties) = preSolution
		HideSolutionNode = FALSE
	EndGlobalSection
	GlobalSection(ExtensibilityGlobals) = postSolution
		SolutionGuid = {E5530728-DB4E-429C-8E49-E6871D72572A}
	EndGlobalSection
EndGlobal
